
Microsoft Visual Studio Solution File, Format Version 12.00
# Visual Studio Version 16
VisualStudioVersion = 16.0.30711.63
MinimumVisualStudioVersion = 10.0.40219.1
Project("{9A19103F-16F7-4668-BE54-9A1E7A4F7556}") = "HomeWORK", "HomeWORK\HomeWORK.csproj", "{9B59DA00-8F38-4B2F-88BD-96EC5D10559B}"
EndProject
Project("{9A19103F-16F7-4668-BE54-9A1E7A4F7556}") = "HomeWORK2", "HomeWORK2\HomeWORK2.csproj", "{2665CEC0-3488-453B-BDA7-8431EA68793A}"
EndProject
Project("{9A19103F-16F7-4668-BE54-9A1E7A4F7556}") = "HOMEWORK3", "HOMEWORK3\HOMEWORK3.csproj", "{4E3F1C1E-53D2-4240-AFC2-8DB995B731C2}"
EndProject
Project("{9A19103F-16F7-4668-BE54-9A1E7A4F7556}") = "HOMEWORK4", "HOMEWORK4\HOMEWORK4.csproj", "{C00BC5CA-5C41-44E3-AA57-E8F9E0E5F213}"
EndProject
Project("{9A19103F-16F7-4668-BE54-9A1E7A4F7556}") = "HomeWorkFromSimpleCode", "HomeWorkFromSimpleCode\HomeWorkFromSimpleCode.csproj", "{EEB44F71-5A2F-474D-B4BA-895FA50C30A5}"
EndProject
Project("{9A19103F-16F7-4668-BE54-9A1E7A4F7556}") = "HomeWork5", "HomeWork5\HomeWork5.csproj", "{53E19322-289E-40C4-890C-3611D315E2B3}"
EndProject
Project("{9A19103F-16F7-4668-BE54-9A1E7A4F7556}") = "HomeWork6", "HomeWork6\HomeWork6.csproj", "{CBBFF01A-CAEA-4C3C-BA09-7F82FDEFF10C}"
EndProject
Project("{FAE04EC0-301F-11D3-BF4B-00C04F79EFBC}") = "SimpleCodeHomeWork", "SimpleCodeHomeWork\SimpleCodeHomeWork.csproj", "{47FF699C-023E-4C7E-96B5-81D6CE54B958}"
EndProject
Global
	GlobalSection(SolutionConfigurationPlatforms) = preSolution
		Debug|Any CPU = Debug|Any CPU
		Release|Any CPU = Release|Any CPU
	EndGlobalSection
	GlobalSection(ProjectConfigurationPlatforms) = postSolution
		{9B59DA00-8F38-4B2F-88BD-96EC5D10559B}.Debug|Any CPU.ActiveCfg = Debug|Any CPU
		{9B59DA00-8F38-4B2F-88BD-96EC5D10559B}.Debug|Any CPU.Build.0 = Debug|Any CPU
		{9B59DA00-8F38-4B2F-88BD-96EC5D10559B}.Release|Any CPU.ActiveCfg = Release|Any CPU
		{9B59DA00-8F38-4B2F-88BD-96EC5D10559B}.Release|Any CPU.Build.0 = Release|Any CPU
		{2665CEC0-3488-453B-BDA7-8431EA68793A}.Debug|Any CPU.ActiveCfg = Debug|Any CPU
		{2665CEC0-3488-453B-BDA7-8431EA68793A}.Debug|Any CPU.Build.0 = Debug|Any CPU
		{2665CEC0-3488-453B-BDA7-8431EA68793A}.Release|Any CPU.ActiveCfg = Release|Any CPU
		{2665CEC0-3488-453B-BDA7-8431EA68793A}.Release|Any CPU.Build.0 = Release|Any CPU
		{4E3F1C1E-53D2-4240-AFC2-8DB995B731C2}.Debug|Any CPU.ActiveCfg = Debug|Any CPU
		{4E3F1C1E-53D2-4240-AFC2-8DB995B731C2}.Debug|Any CPU.Build.0 = Debug|Any CPU
		{4E3F1C1E-53D2-4240-AFC2-8DB995B731C2}.Release|Any CPU.ActiveCfg = Release|Any CPU
		{4E3F1C1E-53D2-4240-AFC2-8DB995B731C2}.Release|Any CPU.Build.0 = Release|Any CPU
		{C00BC5CA-5C41-44E3-AA57-E8F9E0E5F213}.Debug|Any CPU.ActiveCfg = Debug|Any CPU
		{C00BC5CA-5C41-44E3-AA57-E8F9E0E5F213}.Debug|Any CPU.Build.0 = Debug|Any CPU
		{C00BC5CA-5C41-44E3-AA57-E8F9E0E5F213}.Release|Any CPU.ActiveCfg = Release|Any CPU
		{C00BC5CA-5C41-44E3-AA57-E8F9E0E5F213}.Release|Any CPU.Build.0 = Release|Any CPU
		{EEB44F71-5A2F-474D-B4BA-895FA50C30A5}.Debug|Any CPU.ActiveCfg = Debug|Any CPU
		{EEB44F71-5A2F-474D-B4BA-895FA50C30A5}.Debug|Any CPU.Build.0 = Debug|Any CPU
		{EEB44F71-5A2F-474D-B4BA-895FA50C30A5}.Release|Any CPU.ActiveCfg = Release|Any CPU
		{EEB44F71-5A2F-474D-B4BA-895FA50C30A5}.Release|Any CPU.Build.0 = Release|Any CPU
		{53E19322-289E-40C4-890C-3611D315E2B3}.Debug|Any CPU.ActiveCfg = Debug|Any CPU
		{53E19322-289E-40C4-890C-3611D315E2B3}.Debug|Any CPU.Build.0 = Debug|Any CPU
		{53E19322-289E-40C4-890C-3611D315E2B3}.Release|Any CPU.ActiveCfg = Release|Any CPU
		{53E19322-289E-40C4-890C-3611D315E2B3}.Release|Any CPU.Build.0 = Release|Any CPU
		{CBBFF01A-CAEA-4C3C-BA09-7F82FDEFF10C}.Debug|Any CPU.ActiveCfg = Debug|Any CPU
		{CBBFF01A-CAEA-4C3C-BA09-7F82FDEFF10C}.Debug|Any CPU.Build.0 = Debug|Any CPU
		{CBBFF01A-CAEA-4C3C-BA09-7F82FDEFF10C}.Release|Any CPU.ActiveCfg = Release|Any CPU
		{CBBFF01A-CAEA-4C3C-BA09-7F82FDEFF10C}.Release|Any CPU.Build.0 = Release|Any CPU
		{47FF699C-023E-4C7E-96B5-81D6CE54B958}.Debug|Any CPU.ActiveCfg = Debug|Any CPU
		{47FF699C-023E-4C7E-96B5-81D6CE54B958}.Debug|Any CPU.Build.0 = Debug|Any CPU
		{47FF699C-023E-4C7E-96B5-81D6CE54B958}.Release|Any CPU.ActiveCfg = Release|Any CPU
		{47FF699C-023E-4C7E-96B5-81D6CE54B958}.Release|Any CPU.Build.0 = Release|Any CPU
	EndGlobalSection
	GlobalSection(SolutionProperties) = preSolution
		HideSolutionNode = FALSE
	EndGlobalSection
	GlobalSection(ExtensibilityGlobals) = postSolution
		SolutionGuid = {7501C59C-40F2-4965-A5C5-93A86D17E749}
	EndGlobalSection
EndGlobal
